{
  "object": {
    "pins": [
      {
        "package": "AEPCore",
        "repositoryURL": "https://github.com/adobe/aepsdk-core-ios.git",
        "state": {
          "branch": null,
          "revision": "9ca0e4e1fd3d679912c3414314ca0eae84d464a3",
          "version": "3.1.2"
        }
      },
      {
        "package": "AEPRulesEngine",
        "repositoryURL": "https://github.com/adobe/aepsdk-rulesengine-ios.git",
        "state": {
          "branch": null,
          "revision": "1e270654b330b9f07a6b1ec374e686f2e631e039",
          "version": "1.0.0"
        }
      }
    ]
  },
  "version": 1
}
