PODS:
  - AEPAnalytics (4.0.0):
    - AEPCore (>= 4.0.0)
    - AEPServices (>= 4.0.0)
  - AEPAssurance (4.1.0):
    - AEPCore (>= 4.0.0)
    - AEPServices (>= 4.0.0)
  - AEPCore (4.2.1):
    - AEPRulesEngine (>= 4.0.0)
    - AEPServices (>= 4.2.1)
  - AEPIdentity (4.2.1):
    - AEPCore (>= 4.2.1)
  - AEPLifecycle (4.2.1):
    - AEPCore (>= 4.2.1)
  - AEPRulesEngine (4.0.0)
  - AEPServices (4.2.1)
  - SwiftLint (0.52.0)

DEPENDENCIES:
  - AEPAnalytics
  - AEPAssurance
  - AEPCore
  - AEPIdentity
  - AEPLifecycle
  - AEPRulesEngine
  - AEPServices
  - SwiftLint (= 0.52.0)

SPEC REPOS:
  trunk:
    - AEPAnalytics
    - AEPAssurance
    - AEPCore
    - AEPIdentity
    - AEPLifecycle
    - AEPRulesEngine
    - AEPServices
    - SwiftLint

SPEC CHECKSUMS:
  AEPAnalytics: a510eb9653fac7f913965ad4291c8d51f74ffdcd
  AEPAssurance: ee78c45752b29696f280854cfc4d4f8d11babad8
  AEPCore: cc4ff17cfb5744b75cf41b72d4a68d93cc903696
  AEPIdentity: f5909bc787411b34ffb77c5eac80682d1d27cd32
  AEPLifecycle: f95c50f70be40ecc2c25a5d9050a649553ca890f
  AEPRulesEngine: 458450a34922823286ead045a0c2bd8c27e224c6
  AEPServices: d842a1905bf0dcf489716036caa7b0766e49bea1
  SwiftLint: 13280e21cdda6786ad908dc6e416afe5acd1fcb7

PODFILE CHECKSUM: c2025f1089afce2faaadfda41c31e6b3c7c5d27e

COCOAPODS: 1.14.3
